{
    "name": "cunobot",
    "version": "1.0.0",
    "lockfileVersion": 1,
    "requires": true,
    "dependencies": {
        "@babel/runtime": {
            "version": "7.9.2",
            "resolved": "https://registry.npmjs.org/@babel/runtime/-/runtime-7.9.2.tgz",
            "integrity": "sha512-NE2DtOdufG7R5vnfQUTehdTfNycfUANEtCa9PssN9O/xmTzP4E08UI797ixaei6hBEVL9BI/PsdJS5x7mWoB9Q==",
            "requires": {
                "regenerator-runtime": "^0.13.4"
            }
        },
        "@discordjs/collection": {
            "version": "0.1.5",
            "resolved": "https://registry.npmjs.org/@discordjs/collection/-/collection-0.1.5.tgz",
            "integrity": "sha512-CU1q0UXQUpFNzNB7gufgoisDHP7n+T3tkqTsp3MNUkVJ5+hS3BCvME8uCXAUFlz+6T2FbTCu75A+yQ7HMKqRKw=="
        },
        "@jimp/bmp": {
            "version": "0.9.7",
            "resolved": "https://registry.npmjs.org/@jimp/bmp/-/bmp-0.9.7.tgz",
            "integrity": "sha512-ICgnvy6gB04OzIewpuInH7k4lN5XVU03wy/YWkk9NATN+HpKFGH6WkafeKog2DY6DwH8k0cZL/kxApo+QNsXJg==",
            "requires": {
                "@babel/runtime": "^7.7.2",
                "@jimp/utils": "^0.9.7",
                "bmp-js": "^0.1.0",
                "core-js": "^3.4.1"
            }
        },
        "@jimp/core": {
            "version": "0.9.7",
            "resolved": "https://registry.npmjs.org/@jimp/core/-/core-0.9.7.tgz",
            "integrity": "sha512-BYW8/I98bcYTqck93VL8+YORXzYntSPoqIFikyZL1kfDrqEnvf0zX15k/XNjTKb/M+zITwdIHKwlUE4kmLY7Ig==",
            "requires": {
                "@babel/runtime": "^7.7.2",
                "@jimp/utils": "^0.9.7",
                "any-base": "^1.1.0",
                "buffer": "^5.2.0",
                "core-js": "^3.4.1",
                "exif-parser": "^0.1.12",
                "file-type": "^9.0.0",
                "load-bmfont": "^1.3.1",
                "mkdirp": "^0.5.1",
                "phin": "^2.9.1",
                "pixelmatch": "^4.0.2",
                "tinycolor2": "^1.4.1"
            }
        },
        "@jimp/custom": {
            "version": "0.9.7",
            "resolved": "https://registry.npmjs.org/@jimp/custom/-/custom-0.9.7.tgz",
            "integrity": "sha512-2Vn96L0PGALfADbAeBJw9c6QcARLEONLsk3PdDDlxq8AX++i7U6Vh/o2KN/bw15Qq7lUYNhUacaLPnB3evDK+Q==",
            "requires": {
                "@babel/runtime": "^7.7.2",
                "@jimp/core": "^0.9.7",
                "core-js": "^3.4.1"
            }
        },
        "@jimp/gif": {
            "version": "0.9.7",
            "resolved": "https://registry.npmjs.org/@jimp/gif/-/gif-0.9.7.tgz",
            "integrity": "sha512-IOeQUkKmhsIjV6fCxcBnizxXAmSzxDEKZBLe120QeKurzYQEOsJTPI+VRs+ZORqIpSmrs+KYB4EPyU3ypgx8Ww==",
            "requires": {
                "@babel/runtime": "^7.7.2",
                "@jimp/utils": "^0.9.7",
                "core-js": "^3.4.1",
                "omggif": "^1.0.9"
            }
        },
        "@jimp/jpeg": {
            "version": "0.9.7",
            "resolved": "https://registry.npmjs.org/@jimp/jpeg/-/jpeg-0.9.7.tgz",
            "integrity": "sha512-3mZusym07jJaNGw3ydh6jVpT/M8Dr8b8obkFkhmZzz2yTLuQXUkNGK9Q1JQR0Sfk+eYJHt8mx+UChx+eFO+6fg==",
            "requires": {
                "@babel/runtime": "^7.7.2",
                "@jimp/utils": "^0.9.7",
                "core-js": "^3.4.1",
                "jpeg-js": "^0.3.4"
            }
        },
        "@jimp/plugin-blit": {
            "version": "0.9.7",
            "resolved": "https://registry.npmjs.org/@jimp/plugin-blit/-/plugin-blit-0.9.7.tgz",
            "integrity": "sha512-BF7OTG94pbR5Gjr63M1Am46VmGYjQ7HQcM1kibLjDrR9eOFmG3nG6RKxulxUEazOUOWLLdh5tSGREus5FcENqA==",
            "requires": {
                "@babel/runtime": "^7.7.2",
                "@jimp/utils": "^0.9.7",
                "core-js": "^3.4.1"
            }
        },
        "@jimp/plugin-blur": {
            "version": "0.9.7",
            "resolved": "https://registry.npmjs.org/@jimp/plugin-blur/-/plugin-blur-0.9.7.tgz",
            "integrity": "sha512-k/+q4xnpWV6vRhgLVYfxFNXDeROo9H6jhphxT+FaPnxImUuTwYOwV9hitZqnIb/neXZJeF6oBlOecNLn2NT5qA==",
            "requires": {
                "@babel/runtime": "^7.7.2",
                "@jimp/utils": "^0.9.7",
                "core-js": "^3.4.1"
            }
        },
        "@jimp/plugin-color": {
            "version": "0.9.7",
            "resolved": "https://registry.npmjs.org/@jimp/plugin-color/-/plugin-color-0.9.7.tgz",
            "integrity": "sha512-pWCRjNj0TErr+wiqrZ/jQRa6mtn1t22I9pysw2viRBJ9MgtIih3riPxPqsBJTBbIkJFMlHDM9JOP55QfCX5a5A==",
            "requires": {
                "@babel/runtime": "^7.7.2",
                "@jimp/utils": "^0.9.7",
                "core-js": "^3.4.1",
                "tinycolor2": "^1.4.1"
            }
        },
        "@jimp/plugin-contain": {
            "version": "0.9.7",
            "resolved": "https://registry.npmjs.org/@jimp/plugin-contain/-/plugin-contain-0.9.7.tgz",
            "integrity": "sha512-FvQv6hqPZfW0w+8P5E1r8zWkBXDKrstRyU3WgauNS4JlZkd8gq79mU0rP1mwl//Gyyh8DqXph37a8yQ9yy+/Ig==",
            "requires": {
                "@babel/runtime": "^7.7.2",
                "@jimp/utils": "^0.9.7",
                "core-js": "^3.4.1"
            }
        },
        "@jimp/plugin-cover": {
            "version": "0.9.7",
            "resolved": "https://registry.npmjs.org/@jimp/plugin-cover/-/plugin-cover-0.9.7.tgz",
            "integrity": "sha512-EwOyqam0HzT1bb9jQkYHocGydkPJ4VlTEIJo78z5J1CIKZPQIZdf+4xDCVhyQ4ib0Rd/NIQ5uQNtd15JZ4Q0Qw==",
            "requires": {
                "@babel/runtime": "^7.7.2",
                "@jimp/utils": "^0.9.7",
                "core-js": "^3.4.1"
            }
        },
        "@jimp/plugin-crop": {
            "version": "0.9.7",
            "resolved": "https://registry.npmjs.org/@jimp/plugin-crop/-/plugin-crop-0.9.7.tgz",
            "integrity": "sha512-kKry4tZ/Fudf0n3j/ecvmPk07IwxFG1PQfMaVuoIcJduJHfVf2sAb0WfuZMzFMhQoDrz187RfVEgFVF9jQUjug==",
            "requires": {
                "@babel/runtime": "^7.7.2",
                "@jimp/utils": "^0.9.7",
                "core-js": "^3.4.1"
            }
        },
        "@jimp/plugin-displace": {
            "version": "0.9.7",
            "resolved": "https://registry.npmjs.org/@jimp/plugin-displace/-/plugin-displace-0.9.7.tgz",
            "integrity": "sha512-5Kp1KDAwvFzCO5GMFGvPTp5VGdQwFa/7t1G1Xcmu7VtozpgzMlK+3sZikEXtGP/Wda+2ecmJVtSE7EajOFcEuw==",
            "requires": {
                "@babel/runtime": "^7.7.2",
                "@jimp/utils": "^0.9.7",
                "core-js": "^3.4.1"
            }
        },
        "@jimp/plugin-dither": {
            "version": "0.9.7",
            "resolved": "https://registry.npmjs.org/@jimp/plugin-dither/-/plugin-dither-0.9.7.tgz",
            "integrity": "sha512-cYaQnN+Gz2tAHa3EtKfE9gg3Zly/ApB+zo2oyKJv+pwh57cH2UPzZyySo2PUs6qsyHDRba/CDOlCVBUmOQX09Q==",
            "requires": {
                "@babel/runtime": "^7.7.2",
                "@jimp/utils": "^0.9.7",
                "core-js": "^3.4.1"
            }
        },
        "@jimp/plugin-flip": {
            "version": "0.9.7",
            "resolved": "https://registry.npmjs.org/@jimp/plugin-flip/-/plugin-flip-0.9.7.tgz",
            "integrity": "sha512-u3StNRHPLe1HvKME/1XtriLs6fKQaUSD/bXTDtwSHoISvym9V6qz3cSviCCYZ4VnN+Eqc3hhmNeXA2ceCtDqYQ==",
            "requires": {
                "@babel/runtime": "^7.7.2",
                "@jimp/utils": "^0.9.7",
                "core-js": "^3.4.1"
            }
        },
        "@jimp/plugin-gaussian": {
            "version": "0.9.7",
            "resolved": "https://registry.npmjs.org/@jimp/plugin-gaussian/-/plugin-gaussian-0.9.7.tgz",
            "integrity": "sha512-X6IdB9xaytpY/8KXSqxILHX38UQnhq1pf0/byvkavmUqHtXWUVW6wQu1mPKOZQPhqo7wlgXSFRPlhjOPf6HVgQ==",
            "requires": {
                "@babel/runtime": "^7.7.2",
                "@jimp/utils": "^0.9.7",
                "core-js": "^3.4.1"
            }
        },
        "@jimp/plugin-invert": {
            "version": "0.9.7",
            "resolved": "https://registry.npmjs.org/@jimp/plugin-invert/-/plugin-invert-0.9.7.tgz",
            "integrity": "sha512-SjmZ1ftxctGrkqOsxsfw4ENf3bloeMSzfnaw6WZNro9mPRy0gd14kmPIm/45BvnXQFrW8elxbAGCoFkdrtcIKQ==",
            "requires": {
                "@babel/runtime": "^7.7.2",
                "@jimp/utils": "^0.9.7",
                "core-js": "^3.4.1"
            }
        },
        "@jimp/plugin-mask": {
            "version": "0.9.7",
            "resolved": "https://registry.npmjs.org/@jimp/plugin-mask/-/plugin-mask-0.9.7.tgz",
            "integrity": "sha512-aKIFUe7kWLalDfPl2q7VvZJB6Vpq2WwP1zCijBieRD6/PqRpuOHVfrjDvAq19kosggmR5NgbOyphVMv0D5i3VQ==",
            "requires": {
                "@babel/runtime": "^7.7.2",
                "@jimp/utils": "^0.9.7",
                "core-js": "^3.4.1"
            }
        },
        "@jimp/plugin-normalize": {
            "version": "0.9.7",
            "resolved": "https://registry.npmjs.org/@jimp/plugin-normalize/-/plugin-normalize-0.9.7.tgz",
            "integrity": "sha512-mh3IktlBDF8/lJIdohULOHvs1uZaSekIqsQfyhVLa03YKpeafJdgtDmNTzz8vbBWgtIFGI7Qwt71gv4gQLhOSA==",
            "requires": {
                "@babel/runtime": "^7.7.2",
                "@jimp/utils": "^0.9.7",
                "core-js": "^3.4.1"
            }
        },
        "@jimp/plugin-print": {
            "version": "0.9.7",
            "resolved": "https://registry.npmjs.org/@jimp/plugin-print/-/plugin-print-0.9.7.tgz",
            "integrity": "sha512-IJDFS4byqLNw7w6qSBSpzHSSHLWbukAKIrKZcUEzsX0jw1K9D3sGXX+d+5M4CBSM9mZ/41zHl4uVZNu6GHQtWw==",
            "requires": {
                "@babel/runtime": "^7.7.2",
                "@jimp/utils": "^0.9.7",
                "core-js": "^3.4.1",
                "load-bmfont": "^1.4.0"
            }
        },
        "@jimp/plugin-resize": {
            "version": "0.9.7",
            "resolved": "https://registry.npmjs.org/@jimp/plugin-resize/-/plugin-resize-0.9.7.tgz",
            "integrity": "sha512-JpqXJHqD3I8InewLlOnV1spmOn7ND8jMFuQ1yGJUCtgBqHAMWb8t6Qmp2qJQIHy675euGLObke3NW9VHV5nOtA==",
            "requires": {
                "@babel/runtime": "^7.7.2",
                "@jimp/utils": "^0.9.7",
                "core-js": "^3.4.1"
            }
        },
        "@jimp/plugin-rotate": {
            "version": "0.9.7",
            "resolved": "https://registry.npmjs.org/@jimp/plugin-rotate/-/plugin-rotate-0.9.7.tgz",
            "integrity": "sha512-Pc7heewStffccCGomXsDoScpVEK6svmtxEjB5kq6uUScO0rTw+UoN92DVmyqNdKo1eQ40AQdiQUFagzANZWnAA==",
            "requires": {
                "@babel/runtime": "^7.7.2",
                "@jimp/utils": "^0.9.7",
                "core-js": "^3.4.1"
            }
        },
        "@jimp/plugin-scale": {
            "version": "0.9.7",
            "resolved": "https://registry.npmjs.org/@jimp/plugin-scale/-/plugin-scale-0.9.7.tgz",
            "integrity": "sha512-f2XGzALHAbA45WAtkt0fOXH0R5RTawoMQGIieBs78G5Y7tYZzc0AdrZHsXMzeFRklUSpO7T78hpQATIRHXQbYA==",
            "requires": {
                "@babel/runtime": "^7.7.2",
                "@jimp/utils": "^0.9.7",
                "core-js": "^3.4.1"
            }
        },
        "@jimp/plugins": {
            "version": "0.9.7",
            "resolved": "https://registry.npmjs.org/@jimp/plugins/-/plugins-0.9.7.tgz",
            "integrity": "sha512-nxfxP1vllH3eYs4RkoeMrcq8MgVFBwQt/yW2TqgVDlE0kDMpINDVz4zvIByLz2oslRgjnoi6HguJEBEsETmtPg==",
            "requires": {
                "@babel/runtime": "^7.7.2",
                "@jimp/plugin-blit": "^0.9.7",
                "@jimp/plugin-blur": "^0.9.7",
                "@jimp/plugin-color": "^0.9.7",
                "@jimp/plugin-contain": "^0.9.7",
                "@jimp/plugin-cover": "^0.9.7",
                "@jimp/plugin-crop": "^0.9.7",
                "@jimp/plugin-displace": "^0.9.7",
                "@jimp/plugin-dither": "^0.9.7",
                "@jimp/plugin-flip": "^0.9.7",
                "@jimp/plugin-gaussian": "^0.9.7",
                "@jimp/plugin-invert": "^0.9.7",
                "@jimp/plugin-mask": "^0.9.7",
                "@jimp/plugin-normalize": "^0.9.7",
                "@jimp/plugin-print": "^0.9.7",
                "@jimp/plugin-resize": "^0.9.7",
                "@jimp/plugin-rotate": "^0.9.7",
                "@jimp/plugin-scale": "^0.9.7",
                "core-js": "^3.4.1",
                "timm": "^1.6.1"
            }
        },
        "@jimp/png": {
            "version": "0.9.7",
            "resolved": "https://registry.npmjs.org/@jimp/png/-/png-0.9.7.tgz",
            "integrity": "sha512-RbYYDbers64hi4FsBH4vRfY/tt51Q0uCcsfQ3XlN0l/MpoxxVQcQGQsRgEo39HIEUiKpo2OD2nOp9aGogpvM8A==",
            "requires": {
                "@babel/runtime": "^7.7.2",
                "@jimp/utils": "^0.9.7",
                "core-js": "^3.4.1",
                "pngjs": "^3.3.3"
            }
        },
        "@jimp/tiff": {
            "version": "0.9.7",
            "resolved": "https://registry.npmjs.org/@jimp/tiff/-/tiff-0.9.7.tgz",
            "integrity": "sha512-7o1xtXi5+a6di2lJeB3/4CK0gHwZaps3nc+JsVh976hJyvfUs9W4uFCwd7BPSFxY3Iqk3+iNF3WczPXKYl+Tjw==",
            "requires": {
                "@babel/runtime": "^7.7.2",
                "core-js": "^3.4.1",
                "utif": "^2.0.1"
            }
        },
        "@jimp/types": {
            "version": "0.9.7",
            "resolved": "https://registry.npmjs.org/@jimp/types/-/types-0.9.7.tgz",
            "integrity": "sha512-A/qSX8fXdMNvVXZ8wDrMzQwMB1ihv42BE6gNDtsPUZccW0lh2I1IHSfIUa5VdM3ttxxAA0hjvCyZZlMhIWm4Hw==",
            "requires": {
                "@babel/runtime": "^7.7.2",
                "@jimp/bmp": "^0.9.7",
                "@jimp/gif": "^0.9.7",
                "@jimp/jpeg": "^0.9.7",
                "@jimp/png": "^0.9.7",
                "@jimp/tiff": "^0.9.7",
                "core-js": "^3.4.1",
                "timm": "^1.6.1"
            }
        },
        "@jimp/utils": {
            "version": "0.9.7",
            "resolved": "https://registry.npmjs.org/@jimp/utils/-/utils-0.9.7.tgz",
            "integrity": "sha512-OqFoB1VlI0m+zT3CVOVYx2Qb4QBRVxxxjtpemZRGZAGe5x8ZSB+LNGax9YNGCBd5bLFquhOPf/q09ia2LR/xiQ==",
            "requires": {
                "@babel/runtime": "^7.7.2",
                "core-js": "^3.4.1"
            }
        },
        "abort-controller": {
            "version": "3.0.0",
            "resolved": "https://registry.npmjs.org/abort-controller/-/abort-controller-3.0.0.tgz",
            "integrity": "sha512-h8lQ8tacZYnR3vNQTgibj+tODHI5/+l06Au2Pcriv/Gmet0eaj4TwWH41sO9wnHDiQsEj19q0drzdWdeAHtweg==",
            "requires": {
                "event-target-shim": "^5.0.0"
            }
        },
        "any-base": {
            "version": "1.1.0",
            "resolved": "https://registry.npmjs.org/any-base/-/any-base-1.1.0.tgz",
            "integrity": "sha512-uMgjozySS8adZZYePpaWs8cxB9/kdzmpX6SgJZ+wbz1K5eYk5QMYDVJaZKhxyIHUdnnJkfR7SVgStgH7LkGUyg=="
        },
        "async": {
            "version": "2.6.3",
            "resolved": "https://registry.npmjs.org/async/-/async-2.6.3.tgz",
            "integrity": "sha512-zflvls11DCy+dQWzTW2dzuilv8Z5X/pjfmZOWba6TNIVDm+2UDaJmXSOXlasHKfNBs8oo3M0aT50fDEWfKZjXg==",
            "requires": {
                "lodash": "^4.17.14"
            }
        },
        "asynckit": {
            "version": "0.4.0",
            "resolved": "https://registry.npmjs.org/asynckit/-/asynckit-0.4.0.tgz",
            "integrity": "sha1-x57Zf380y48robyXkLzDZkdLS3k="
        },
        "base64-js": {
            "version": "1.3.1",
            "resolved": "https://registry.npmjs.org/base64-js/-/base64-js-1.3.1.tgz",
            "integrity": "sha512-mLQ4i2QO1ytvGWFWmcngKO//JXAQueZvwEKtjgQFM4jIK0kU+ytMfplL8j+n5mspOfjHwoAg+9yhb7BwAHm36g=="
        },
        "bmp-js": {
            "version": "0.1.0",
            "resolved": "https://registry.npmjs.org/bmp-js/-/bmp-js-0.1.0.tgz",
            "integrity": "sha1-4Fpj95amwf8l9Hcex62twUjAcjM="
        },
        "buffer": {
            "version": "5.5.0",
            "resolved": "https://registry.npmjs.org/buffer/-/buffer-5.5.0.tgz",
            "integrity": "sha512-9FTEDjLjwoAkEwyMGDjYJQN2gfRgOKBKRfiglhvibGbpeeU/pQn1bJxQqm32OD/AIeEuHxU9roxXxg34Byp/Ww==",
            "requires": {
                "base64-js": "^1.0.2",
                "ieee754": "^1.1.4"
            }
        },
        "buffer-equal": {
            "version": "0.0.1",
            "resolved": "https://registry.npmjs.org/buffer-equal/-/buffer-equal-0.0.1.tgz",
            "integrity": "sha1-kbx0sR6kBbyRa8aqkI+q+ltKrEs="
        },
        "color": {
            "version": "3.0.0",
            "resolved": "https://registry.npmjs.org/color/-/color-3.0.0.tgz",
            "integrity": "sha512-jCpd5+s0s0t7p3pHQKpnJ0TpQKKdleP71LWcA0aqiljpiuAkOSUFN/dyH8ZwF0hRmFlrIuRhufds1QyEP9EB+w==",
            "requires": {
                "color-convert": "^1.9.1",
                "color-string": "^1.5.2"
            }
        },
        "color-convert": {
            "version": "1.9.3",
            "resolved": "https://registry.npmjs.org/color-convert/-/color-convert-1.9.3.tgz",
            "integrity": "sha512-QfAUtd+vFdAtFQcC8CCyYt1fYWxSqAiK2cSD6zDB8N3cpsEBAvRxp9zOGg6G/SHHJYAT88/az/IuDGALsNVbGg==",
            "requires": {
                "color-name": "1.1.3"
            }
        },
        "color-name": {
            "version": "1.1.3",
            "resolved": "https://registry.npmjs.org/color-name/-/color-name-1.1.3.tgz",
            "integrity": "sha1-p9BVi9icQveV3UIyj3QIMcpTvCU="
        },
        "color-string": {
            "version": "1.5.3",
            "resolved": "https://registry.npmjs.org/color-string/-/color-string-1.5.3.tgz",
            "integrity": "sha512-dC2C5qeWoYkxki5UAXapdjqO672AM4vZuPGRQfO8b5HKuKGBbKWpITyDYN7TOFKvRW7kOgAn3746clDBMDJyQw==",
            "requires": {
                "color-name": "^1.0.0",
                "simple-swizzle": "^0.2.2"
            }
        },
        "colornames": {
            "version": "1.1.1",
            "resolved": "https://registry.npmjs.org/colornames/-/colornames-1.1.1.tgz",
            "integrity": "sha1-+IiQMGhcfE/54qVZ9Qd+t2qBb5Y="
        },
        "colors": {
            "version": "1.4.0",
            "resolved": "https://registry.npmjs.org/colors/-/colors-1.4.0.tgz",
            "integrity": "sha512-a+UqTh4kgZg/SlGvfbzDHpgRu7AAQOmmqRHJnxhRZICKFUT91brVhNNt58CMWU9PsBbv3PDCZUHbVxuDiH2mtA=="
        },
        "colorspace": {
            "version": "1.1.2",
            "resolved": "https://registry.npmjs.org/colorspace/-/colorspace-1.1.2.tgz",
            "integrity": "sha512-vt+OoIP2d76xLhjwbBaucYlNSpPsrJWPlBTtwCpQKIu6/CSMutyzX93O/Do0qzpH3YoHEes8YEFXyZ797rEhzQ==",
            "requires": {
                "color": "3.0.x",
                "text-hex": "1.0.x"
            }
        },
        "combined-stream": {
            "version": "1.0.8",
            "resolved": "https://registry.npmjs.org/combined-stream/-/combined-stream-1.0.8.tgz",
            "integrity": "sha512-FQN4MRfuJeHf7cBbBMJFXhKSDq+2kAArBlmRBvcvFE5BB1HZKXtSFASDhdlz9zOYwxh8lDdnvmMOe/+5cdoEdg==",
            "requires": {
                "delayed-stream": "~1.0.0"
            }
        },
        "core-js": {
            "version": "3.6.4",
            "resolved": "https://registry.npmjs.org/core-js/-/core-js-3.6.4.tgz",
            "integrity": "sha512-4paDGScNgZP2IXXilaffL9X7968RuvwlkK3xWtZRVqgd8SYNiVKRJvkFd1aqqEuPfN7E68ZHEp9hDj6lHj4Hyw=="
        },
        "core-util-is": {
            "version": "1.0.2",
            "resolved": "https://registry.npmjs.org/core-util-is/-/core-util-is-1.0.2.tgz",
            "integrity": "sha1-tf1UIgqivFq1eqtxQMlAdUUDwac="
        },
        "dateformat": {
            "version": "3.0.3",
            "resolved": "https://registry.npmjs.org/dateformat/-/dateformat-3.0.3.tgz",
            "integrity": "sha512-jyCETtSl3VMZMWeRo7iY1FL19ges1t55hMo5yaam4Jrsm5EPL89UQkoQRyiI+Yf4k8r2ZpdngkV8hr1lIdjb3Q=="
        },
        "delayed-stream": {
            "version": "1.0.0",
            "resolved": "https://registry.npmjs.org/delayed-stream/-/delayed-stream-1.0.0.tgz",
            "integrity": "sha1-3zrhmayt+31ECqrgsp4icrJOxhk="
        },
        "diagnostics": {
            "version": "1.1.1",
            "resolved": "https://registry.npmjs.org/diagnostics/-/diagnostics-1.1.1.tgz",
            "integrity": "sha512-8wn1PmdunLJ9Tqbx+Fx/ZEuHfJf4NKSN2ZBj7SJC/OWRWha843+WsTjqMe1B5E3p28jqBlp+mJ2fPVxPyNgYKQ==",
            "requires": {
                "colorspace": "1.1.x",
                "enabled": "1.0.x",
                "kuler": "1.0.x"
            }
        },
        "discord-youtube-api": {
            "version": "0.1.0",
            "resolved": "https://registry.npmjs.org/discord-youtube-api/-/discord-youtube-api-0.1.0.tgz",
            "integrity": "sha1-eGyqdVjEmOCgmZDHyD7taaixyb0=",
            "requires": {
                "iso8601-duration": "^1.0.6",
                "snekfetch": "^3.1.6"
            }
        },
        "discord.js": {
            "version": "12.0.2",
            "resolved": "https://registry.npmjs.org/discord.js/-/discord.js-12.0.2.tgz",
            "integrity": "sha512-iZiEA4Y61gqq/EjFfLXnkRK9pLapnax/vTVDUhs/mAhyqozAy0GOlk/MZI9rSa1iIoKTWRq6P9CRKhLNT2wUnA==",
            "requires": {
                "@discordjs/collection": "^0.1.5",
                "abort-controller": "^3.0.0",
                "form-data": "^3.0.0",
                "node-fetch": "^2.6.0",
                "prism-media": "^1.2.0",
                "setimmediate": "^1.0.5",
                "tweetnacl": "^1.0.3",
                "ws": "^7.2.1"
            }
        },
        "dom-walk": {
            "version": "0.1.1",
            "resolved": "https://registry.npmjs.org/dom-walk/-/dom-walk-0.1.1.tgz",
            "integrity": "sha1-ZyIm3HTI95mtNTB9+TaroRrNYBg="
        },
        "enabled": {
            "version": "1.0.2",
            "resolved": "https://registry.npmjs.org/enabled/-/enabled-1.0.2.tgz",
            "integrity": "sha1-ll9lE9LC0cX0ZStkouM5ZGf8L5M=",
            "requires": {
                "env-variable": "0.0.x"
            }
        },
        "env-variable": {
            "version": "0.0.5",
            "resolved": "https://registry.npmjs.org/env-variable/-/env-variable-0.0.5.tgz",
            "integrity": "sha512-zoB603vQReOFvTg5xMl9I1P2PnHsHQQKTEowsKKD7nseUfJq6UWzK+4YtlWUO1nhiQUxe6XMkk+JleSZD1NZFA=="
        },
        "event-target-shim": {
            "version": "5.0.1",
            "resolved": "https://registry.npmjs.org/event-target-shim/-/event-target-shim-5.0.1.tgz",
            "integrity": "sha512-i/2XbnSz/uxRCU6+NdVJgKWDTM427+MqYbkQzD321DuCQJUqOuJKIA0IM2+W2xtYHdKOmZ4dR6fExsd4SXL+WQ=="
        },
        "exif-parser": {
            "version": "0.1.12",
            "resolved": "https://registry.npmjs.org/exif-parser/-/exif-parser-0.1.12.tgz",
            "integrity": "sha1-WKnS1ywCwfbwKg70qRZicrd2CSI="
        },
        "fast-safe-stringify": {
            "version": "2.0.7",
            "resolved": "https://registry.npmjs.org/fast-safe-stringify/-/fast-safe-stringify-2.0.7.tgz",
            "integrity": "sha512-Utm6CdzT+6xsDk2m8S6uL8VHxNwI6Jub+e9NYTcAms28T84pTa25GJQV9j0CY0N1rM8hK4x6grpF2BQf+2qwVA=="
        },
        "fecha": {
            "version": "2.3.3",
            "resolved": "https://registry.npmjs.org/fecha/-/fecha-2.3.3.tgz",
            "integrity": "sha512-lUGBnIamTAwk4znq5BcqsDaxSmZ9nDVJaij6NvRt/Tg4R69gERA+otPKbS86ROw9nxVMw2/mp1fnaiWqbs6Sdg=="
        },
        "file-type": {
            "version": "9.0.0",
            "resolved": "https://registry.npmjs.org/file-type/-/file-type-9.0.0.tgz",
            "integrity": "sha512-Qe/5NJrgIOlwijpq3B7BEpzPFcgzggOTagZmkXQY4LA6bsXKTUstK7Wp12lEJ/mLKTpvIZxmIuRcLYWT6ov9lw=="
        },
        "form-data": {
            "version": "3.0.0",
            "resolved": "https://registry.npmjs.org/form-data/-/form-data-3.0.0.tgz",
            "integrity": "sha512-CKMFDglpbMi6PyN+brwB9Q/GOw0eAnsrEZDgcsH5Krhz5Od/haKHAX0NmQfha2zPPz0JpWzA7GJHGSnvCRLWsg==",
            "requires": {
                "asynckit": "^0.4.0",
                "combined-stream": "^1.0.8",
                "mime-types": "^2.1.12"
            }
        },
        "global": {
            "version": "4.3.2",
            "resolved": "https://registry.npmjs.org/global/-/global-4.3.2.tgz",
            "integrity": "sha1-52mJJopsdMOJCLEwWxD8DjlOnQ8=",
            "requires": {
                "min-document": "^2.19.0",
                "process": "~0.5.1"
            }
        },
        "ieee754": {
            "version": "1.1.13",
            "resolved": "https://registry.npmjs.org/ieee754/-/ieee754-1.1.13.tgz",
            "integrity": "sha512-4vf7I2LYV/HaWerSo3XmlMkp5eZ83i+/CDluXi/IGTs/O1sejBNhTtnxzmRZfvOUqj7lZjqHkeTvpgSFDlWZTg=="
        },
        "inherits": {
            "version": "2.0.4",
            "resolved": "https://registry.npmjs.org/inherits/-/inherits-2.0.4.tgz",
            "integrity": "sha512-k/vGaX4/Yla3WzyMCvTQOXYeIHvqOKtnqBduzTHpzpQZzAskKMhZ2K+EnBiSM9zGSoIFeMpXKxa4dYeZIQqewQ=="
        },
        "is-arrayish": {
            "version": "0.3.2",
            "resolved": "https://registry.npmjs.org/is-arrayish/-/is-arrayish-0.3.2.tgz",
            "integrity": "sha512-eVRqCvVlZbuw3GrM63ovNSNAeA1K16kaR/LRY/92w0zxQ5/1YzwblUX652i4Xs9RwAGjW9d9y6X88t8OaAJfWQ=="
        },
        "is-function": {
            "version": "1.0.1",
            "resolved": "https://registry.npmjs.org/is-function/-/is-function-1.0.1.tgz",
            "integrity": "sha1-Es+5i2W1fdPRk6MSH19uL0N2ArU="
        },
        "is-stream": {
            "version": "1.1.0",
            "resolved": "https://registry.npmjs.org/is-stream/-/is-stream-1.1.0.tgz",
            "integrity": "sha1-EtSj3U5o4Lec6428hBc66A2RykQ="
        },
        "isarray": {
            "version": "1.0.0",
            "resolved": "https://registry.npmjs.org/isarray/-/isarray-1.0.0.tgz",
            "integrity": "sha1-u5NdSFgsuhaMBoNJV6VKPgcSTxE="
        },
        "iso8601-duration": {
            "version": "1.2.0",
            "resolved": "https://registry.npmjs.org/iso8601-duration/-/iso8601-duration-1.2.0.tgz",
            "integrity": "sha512-ErTBd++b17E8nmWII1K1uZtBgD1E8RjyvwmxlCjPHNqHMD7gmcMHOw0E8Ro/6+QT4PhHRSnnMo7bxa1vFPkwhg=="
        },
        "jimp": {
            "version": "0.9.7",
            "resolved": "https://registry.npmjs.org/jimp/-/jimp-0.9.7.tgz",
            "integrity": "sha512-bHth11VD9h87pBbMUQDjO3my8+vmB0EamHMGmhddmOqB44mUVeGy2GCBRzeuy5Z5yJ9djvxIOOYV1qRwZo7wfA==",
            "requires": {
                "@babel/runtime": "^7.7.2",
                "@jimp/custom": "^0.9.7",
                "@jimp/plugins": "^0.9.7",
                "@jimp/types": "^0.9.7",
                "core-js": "^3.4.1",
                "regenerator-runtime": "^0.13.3"
            }
        },
        "jpeg-js": {
            "version": "0.3.7",
            "resolved": "https://registry.npmjs.org/jpeg-js/-/jpeg-js-0.3.7.tgz",
            "integrity": "sha512-9IXdWudL61npZjvLuVe/ktHiA41iE8qFyLB+4VDTblEsWBzeg8WQTlktdUK4CdncUqtUgUg0bbOmTE2bKBKaBQ=="
        },
        "kuler": {
            "version": "1.0.1",
            "resolved": "https://registry.npmjs.org/kuler/-/kuler-1.0.1.tgz",
            "integrity": "sha512-J9nVUucG1p/skKul6DU3PUZrhs0LPulNaeUOox0IyXDi8S4CztTHs1gQphhuZmzXG7VOQSf6NJfKuzteQLv9gQ==",
            "requires": {
                "colornames": "^1.1.1"
            }
        },
        "load-bmfont": {
            "version": "1.4.0",
            "resolved": "https://registry.npmjs.org/load-bmfont/-/load-bmfont-1.4.0.tgz",
            "integrity": "sha512-kT63aTAlNhZARowaNYcY29Fn/QYkc52M3l6V1ifRcPewg2lvUZDAj7R6dXjOL9D0sict76op3T5+odumDSF81g==",
            "requires": {
                "buffer-equal": "0.0.1",
                "mime": "^1.3.4",
                "parse-bmfont-ascii": "^1.0.3",
                "parse-bmfont-binary": "^1.0.5",
                "parse-bmfont-xml": "^1.1.4",
                "phin": "^2.9.1",
                "xhr": "^2.0.1",
                "xtend": "^4.0.0"
            }
        },
        "lodash": {
            "version": "4.17.15",
            "resolved": "https://registry.npmjs.org/lodash/-/lodash-4.17.15.tgz",
            "integrity": "sha512-8xOcRHvCjnocdS5cpwXQXVzmmh5e5+saE2QGoeQmbKmRS6J3VQppPOIt0MnmE+4xlZoumy0GPG0D0MVIQbNA1A=="
        },
        "logform": {
            "version": "2.1.2",
            "resolved": "https://registry.npmjs.org/logform/-/logform-2.1.2.tgz",
            "integrity": "sha512-+lZh4OpERDBLqjiwDLpAWNQu6KMjnlXH2ByZwCuSqVPJletw0kTWJf5CgSNAUKn1KUkv3m2cUz/LK8zyEy7wzQ==",
            "requires": {
                "colors": "^1.2.1",
                "fast-safe-stringify": "^2.0.4",
                "fecha": "^2.3.3",
                "ms": "^2.1.1",
                "triple-beam": "^1.3.0"
            }
        },
        "mime": {
            "version": "1.6.0",
            "resolved": "https://registry.npmjs.org/mime/-/mime-1.6.0.tgz",
            "integrity": "sha512-x0Vn8spI+wuJ1O6S7gnbaQg8Pxh4NNHb7KSINmEWKiPE4RKOplvijn+NkmYmmRgP68mc70j2EbeTFRsrswaQeg=="
        },
        "mime-db": {
            "version": "1.43.0",
            "resolved": "https://registry.npmjs.org/mime-db/-/mime-db-1.43.0.tgz",
            "integrity": "sha512-+5dsGEEovYbT8UY9yD7eE4XTc4UwJ1jBYlgaQQF38ENsKR3wj/8q8RFZrF9WIZpB2V1ArTVFUva8sAul1NzRzQ=="
        },
        "mime-types": {
            "version": "2.1.26",
            "resolved": "https://registry.npmjs.org/mime-types/-/mime-types-2.1.26.tgz",
            "integrity": "sha512-01paPWYgLrkqAyrlDorC1uDwl2p3qZT7yl806vW7DvDoxwXi46jsjFbg+WdwotBIk6/MbEhO/dh5aZ5sNj/dWQ==",
            "requires": {
                "mime-db": "1.43.0"
            }
        },
        "min-document": {
            "version": "2.19.0",
            "resolved": "https://registry.npmjs.org/min-document/-/min-document-2.19.0.tgz",
            "integrity": "sha1-e9KC4/WELtKVu3SM3Z8f+iyCRoU=",
            "requires": {
                "dom-walk": "^0.1.0"
            }
        },
        "minimist": {
            "version": "1.2.5",
            "resolved": "https://registry.npmjs.org/minimist/-/minimist-1.2.5.tgz",
            "integrity": "sha512-FM9nNUYrRBAELZQT3xeZQ7fmMOBg6nWNmJKTcgsJeaLstP/UODVpGsr5OhXhhXg6f+qtJ8uiZ+PUxkDWcgIXLw=="
        },
        "mkdirp": {
            "version": "0.5.4",
            "resolved": "https://registry.npmjs.org/mkdirp/-/mkdirp-0.5.4.tgz",
            "integrity": "sha512-iG9AK/dJLtJ0XNgTuDbSyNS3zECqDlAhnQW4CsNxBG3LQJBbHmRX1egw39DmtOdCAqY+dKXV+sgPgilNWUKMVw==",
            "requires": {
                "minimist": "^1.2.5"
            }
        },
        "moment": {
            "version": "2.24.0",
            "resolved": "https://registry.npmjs.org/moment/-/moment-2.24.0.tgz",
            "integrity": "sha512-bV7f+6l2QigeBBZSM/6yTNq4P2fNpSWj/0e7jQcy87A8e7o2nAfP/34/2ky5Vw4B9S446EtIhodAzkFCcR4dQg=="
        },
        "moment-duration-format": {
            "version": "2.3.2",
            "resolved": "https://registry.npmjs.org/moment-duration-format/-/moment-duration-format-2.3.2.tgz",
            "integrity": "sha512-cBMXjSW+fjOb4tyaVHuaVE/A5TqkukDWiOfxxAjY+PEqmmBQlLwn+8OzwPiG3brouXKY5Un4pBjAeB6UToXHaQ=="
        },
        "ms": {
            "version": "2.1.2",
            "resolved": "https://registry.npmjs.org/ms/-/ms-2.1.2.tgz",
            "integrity": "sha512-sGkPx+VjMtmA6MX27oA4FBFELFCZZ4S4XqeGOXCv68tT+jb3vk/RyaKWP0PTKyWtmLSM0b+adUTEvbs1PEaH2w=="
        },
        "node-fetch": {
            "version": "2.6.0",
            "resolved": "https://registry.npmjs.org/node-fetch/-/node-fetch-2.6.0.tgz",
            "integrity": "sha512-8dG4H5ujfvFiqDmVu9fQ5bOHUC15JMjMY/Zumv26oOvvVJjM67KF8koCWIabKQ1GJIa9r2mMZscBq/TbdOcmNA=="
        },
        "omggif": {
            "version": "1.0.10",
            "resolved": "https://registry.npmjs.org/omggif/-/omggif-1.0.10.tgz",
            "integrity": "sha512-LMJTtvgc/nugXj0Vcrrs68Mn2D1r0zf630VNtqtpI1FEO7e+O9FP4gqs9AcnBaSEeoHIPm28u6qgPR0oyEpGSw=="
        },
        "one-time": {
            "version": "0.0.4",
            "resolved": "https://registry.npmjs.org/one-time/-/one-time-0.0.4.tgz",
            "integrity": "sha1-+M33eISCb+Tf+T46nMN7HkSAdC4="
        },
        "pako": {
            "version": "1.0.11",
            "resolved": "https://registry.npmjs.org/pako/-/pako-1.0.11.tgz",
            "integrity": "sha512-4hLB8Py4zZce5s4yd9XzopqwVv/yGNhV1Bl8NTmCq1763HeK2+EwVTv+leGeL13Dnh2wfbqowVPXCIO0z4taYw=="
        },
        "parse-bmfont-ascii": {
            "version": "1.0.6",
            "resolved": "https://registry.npmjs.org/parse-bmfont-ascii/-/parse-bmfont-ascii-1.0.6.tgz",
            "integrity": "sha1-Eaw8P/WPfCAgqyJ2kHkQjU36AoU="
        },
        "parse-bmfont-binary": {
            "version": "1.0.6",
            "resolved": "https://registry.npmjs.org/parse-bmfont-binary/-/parse-bmfont-binary-1.0.6.tgz",
            "integrity": "sha1-0Di0dtPp3Z2x4RoLDlOiJ5K2kAY="
        },
        "parse-bmfont-xml": {
            "version": "1.1.4",
            "resolved": "https://registry.npmjs.org/parse-bmfont-xml/-/parse-bmfont-xml-1.1.4.tgz",
            "integrity": "sha512-bjnliEOmGv3y1aMEfREMBJ9tfL3WR0i0CKPj61DnSLaoxWR3nLrsQrEbCId/8rF4NyRF0cCqisSVXyQYWM+mCQ==",
            "requires": {
                "xml-parse-from-string": "^1.0.0",
                "xml2js": "^0.4.5"
            }
        },
        "parse-headers": {
            "version": "2.0.3",
            "resolved": "https://registry.npmjs.org/parse-headers/-/parse-headers-2.0.3.tgz",
            "integrity": "sha512-QhhZ+DCCit2Coi2vmAKbq5RGTRcQUOE2+REgv8vdyu7MnYx2eZztegqtTx99TZ86GTIwqiy3+4nQTWZ2tgmdCA=="
        },
        "phin": {
            "version": "2.9.3",
            "resolved": "https://registry.npmjs.org/phin/-/phin-2.9.3.tgz",
            "integrity": "sha512-CzFr90qM24ju5f88quFC/6qohjC144rehe5n6DH900lgXmUe86+xCKc10ev56gRKC4/BkHUoG4uSiQgBiIXwDA=="
        },
        "pixelmatch": {
            "version": "4.0.2",
            "resolved": "https://registry.npmjs.org/pixelmatch/-/pixelmatch-4.0.2.tgz",
            "integrity": "sha1-j0fc7FARtHe2fbA8JDvB8wheiFQ=",
            "requires": {
                "pngjs": "^3.0.0"
            }
        },
        "pngjs": {
            "version": "3.4.0",
            "resolved": "https://registry.npmjs.org/pngjs/-/pngjs-3.4.0.tgz",
            "integrity": "sha512-NCrCHhWmnQklfH4MtJMRjZ2a8c80qXeMlQMv2uVp9ISJMTt562SbGd6n2oq0PaPgKm7Z6pL9E2UlLIhC+SHL3w=="
        },
        "prism-media": {
            "version": "1.2.1",
            "resolved": "https://registry.npmjs.org/prism-media/-/prism-media-1.2.1.tgz",
            "integrity": "sha512-R3EbKwJiYlTvGwcG1DpUt+06DsxOGS5W4AMEHT7oVOjG93MjpdhGX1whHyjnqknylLMupKAsKMEXcTNRbPe6Vw=="
        },
        "process": {
            "version": "0.5.2",
            "resolved": "https://registry.npmjs.org/process/-/process-0.5.2.tgz",
            "integrity": "sha1-FjjYqONML0QKkduVq5rrZ3/Bhc8="
        },
        "process-nextick-args": {
            "version": "2.0.1",
            "resolved": "https://registry.npmjs.org/process-nextick-args/-/process-nextick-args-2.0.1.tgz",
            "integrity": "sha512-3ouUOpQhtgrbOa17J7+uxOTpITYWaGP7/AhoR3+A+/1e9skrzelGi/dXzEYyvbxubEF6Wn2ypscTKiKJFFn1ag=="
        },
        "readable-stream": {
            "version": "3.4.0",
            "resolved": "https://registry.npmjs.org/readable-stream/-/readable-stream-3.4.0.tgz",
            "integrity": "sha512-jItXPLmrSR8jmTRmRWJXCnGJsfy85mB3Wd/uINMXA65yrnFo0cPClFIUWzo2najVNSl+mx7/4W8ttlLWJe99pQ==",
            "requires": {
                "inherits": "^2.0.3",
                "string_decoder": "^1.1.1",
                "util-deprecate": "^1.0.1"
            }
        },
        "regenerator-runtime": {
            "version": "0.13.5",
            "resolved": "https://registry.npmjs.org/regenerator-runtime/-/regenerator-runtime-0.13.5.tgz",
            "integrity": "sha512-ZS5w8CpKFinUzOwW3c83oPeVXoNsrLsaCoLtJvAClH135j/R77RuymhiSErhm2lKcwSCIpmvIWSbDkIfAqKQlA=="
        },
        "safe-buffer": {
            "version": "5.2.0",
            "resolved": "https://registry.npmjs.org/safe-buffer/-/safe-buffer-5.2.0.tgz",
            "integrity": "sha512-fZEwUGbVl7kouZs1jCdMLdt95hdIv0ZeHg6L7qPeciMZhZ+/gdesW4wgTARkrFWEpspjEATAzUGPG8N2jJiwbg=="
        },
        "sax": {
            "version": "1.2.4",
            "resolved": "https://registry.npmjs.org/sax/-/sax-1.2.4.tgz",
            "integrity": "sha512-NqVDv9TpANUjFm0N8uM5GxL36UgKi9/atZw+x7YFnQ8ckwFGKrl4xX4yWtrey3UJm5nP1kUbnYgLopqWNSRhWw=="
        },
        "setimmediate": {
            "version": "1.0.5",
            "resolved": "https://registry.npmjs.org/setimmediate/-/setimmediate-1.0.5.tgz",
            "integrity": "sha1-KQy7Iy4waULX1+qbg3Mqt4VvgoU="
        },
        "simple-swizzle": {
            "version": "0.2.2",
            "resolved": "https://registry.npmjs.org/simple-swizzle/-/simple-swizzle-0.2.2.tgz",
            "integrity": "sha1-pNprY1/8zMoz9w0Xy5JZLeleVXo=",
            "requires": {
                "is-arrayish": "^0.3.1"
            }
        },
        "snekfetch": {
            "version": "3.6.4",
            "resolved": "https://registry.npmjs.org/snekfetch/-/snekfetch-3.6.4.tgz",
            "integrity": "sha512-NjxjITIj04Ffqid5lqr7XdgwM7X61c/Dns073Ly170bPQHLm6jkmelye/eglS++1nfTWktpP6Y2bFXjdPlQqdw=="
        },
        "stack-trace": {
            "version": "0.0.10",
            "resolved": "https://registry.npmjs.org/stack-trace/-/stack-trace-0.0.10.tgz",
            "integrity": "sha1-VHxws0fo0ytOEI6hoqFZ5f3eGcA="
        },
        "string_decoder": {
            "version": "1.3.0",
            "resolved": "https://registry.npmjs.org/string_decoder/-/string_decoder-1.3.0.tgz",
            "integrity": "sha512-hkRX8U1WjJFd8LsDJ2yQ/wWWxaopEsABU1XfkM8A+j0+85JAGppt16cr1Whg6KIbb4okU6Mql6BOj+uup/wKeA==",
            "requires": {
                "safe-buffer": "~5.2.0"
            }
        },
        "text-hex": {
            "version": "1.0.0",
            "resolved": "https://registry.npmjs.org/text-hex/-/text-hex-1.0.0.tgz",
            "integrity": "sha512-uuVGNWzgJ4yhRaNSiubPY7OjISw4sw4E5Uv0wbjp+OzcbmVU/rsT8ujgcXJhn9ypzsgr5vlzpPqP+MBBKcGvbg=="
        },
        "timm": {
            "version": "1.6.2",
            "resolved": "https://registry.npmjs.org/timm/-/timm-1.6.2.tgz",
            "integrity": "sha512-IH3DYDL1wMUwmIlVmMrmesw5lZD6N+ZOAFWEyLrtpoL9Bcrs9u7M/vyOnHzDD2SMs4irLkVjqxZbHrXStS/Nmw=="
        },
        "tinycolor2": {
            "version": "1.4.1",
            "resolved": "https://registry.npmjs.org/tinycolor2/-/tinycolor2-1.4.1.tgz",
            "integrity": "sha1-9PrTM0R7wLB9TcjpIJ2POaisd+g="
        },
        "triple-beam": {
            "version": "1.3.0",
            "resolved": "https://registry.npmjs.org/triple-beam/-/triple-beam-1.3.0.tgz",
            "integrity": "sha512-XrHUvV5HpdLmIj4uVMxHggLbFSZYIn7HEWsqePZcI50pco+MPqJ50wMGY794X7AOOhxOBAjbkqfAbEe/QMp2Lw=="
        },
        "tweetnacl": {
            "version": "1.0.3",
            "resolved": "https://registry.npmjs.org/tweetnacl/-/tweetnacl-1.0.3.tgz",
            "integrity": "sha512-6rt+RN7aOi1nGMyC4Xa5DdYiukl2UWCbcJft7YhxReBGQD7OAM8Pbxw6YMo4r2diNEA8FEmu32YOn9rhaiE5yw=="
        },
        "utif": {
            "version": "2.0.1",
            "resolved": "https://registry.npmjs.org/utif/-/utif-2.0.1.tgz",
            "integrity": "sha512-Z/S1fNKCicQTf375lIP9G8Sa1H/phcysstNrrSdZKj1f9g58J4NMgb5IgiEZN9/nLMPDwF0W7hdOe9Qq2IYoLg==",
            "requires": {
                "pako": "^1.0.5"
            }
        },
        "util-deprecate": {
            "version": "1.0.2",
            "resolved": "https://registry.npmjs.org/util-deprecate/-/util-deprecate-1.0.2.tgz",
            "integrity": "sha1-RQ1Nyfpw3nMnYvvS1KKJgUGaDM8="
        },
        "winston": {
            "version": "3.2.1",
            "resolved": "https://registry.npmjs.org/winston/-/winston-3.2.1.tgz",
            "integrity": "sha512-zU6vgnS9dAWCEKg/QYigd6cgMVVNwyTzKs81XZtTFuRwJOcDdBg7AU0mXVyNbs7O5RH2zdv+BdNZUlx7mXPuOw==",
            "requires": {
                "async": "^2.6.1",
                "diagnostics": "^1.1.1",
                "is-stream": "^1.1.0",
                "logform": "^2.1.1",
                "one-time": "0.0.4",
                "readable-stream": "^3.1.1",
                "stack-trace": "0.0.x",
                "triple-beam": "^1.3.0",
                "winston-transport": "^4.3.0"
            }
        },
        "winston-transport": {
            "version": "4.3.0",
            "resolved": "https://registry.npmjs.org/winston-transport/-/winston-transport-4.3.0.tgz",
            "integrity": "sha512-B2wPuwUi3vhzn/51Uukcao4dIduEiPOcOt9HJ3QeaXgkJ5Z7UwpBzxS4ZGNHtrxrUvTwemsQiSys0ihOf8Mp1A==",
            "requires": {
                "readable-stream": "^2.3.6",
                "triple-beam": "^1.2.0"
            },
            "dependencies": {
                "readable-stream": {
                    "version": "2.3.6",
                    "resolved": "https://registry.npmjs.org/readable-stream/-/readable-stream-2.3.6.tgz",
                    "integrity": "sha512-tQtKA9WIAhBF3+VLAseyMqZeBjW0AHJoxOtYqSUZNJxauErmLbVm2FW1y+J/YA9dUrAC39ITejlZWhVIwawkKw==",
                    "requires": {
                        "core-util-is": "~1.0.0",
                        "inherits": "~2.0.3",
                        "isarray": "~1.0.0",
                        "process-nextick-args": "~2.0.0",
                        "safe-buffer": "~5.1.1",
                        "string_decoder": "~1.1.1",
                        "util-deprecate": "~1.0.1"
                    }
                },
                "safe-buffer": {
                    "version": "5.1.2",
                    "resolved": "https://registry.npmjs.org/safe-buffer/-/safe-buffer-5.1.2.tgz",
                    "integrity": "sha512-Gd2UZBJDkXlY7GbJxfsE8/nvKkUEU1G38c1siN6QP6a9PT9MmHB8GnpscSmMJSoF8LOIrt8ud/wPtojys4G6+g=="
                },
                "string_decoder": {
                    "version": "1.1.1",
                    "resolved": "https://registry.npmjs.org/string_decoder/-/string_decoder-1.1.1.tgz",
                    "integrity": "sha512-n/ShnvDi6FHbbVfviro+WojiFzv+s8MPMHBczVePfUpDJLwoLT0ht1l4YwBCbi8pJAveEEdnkHyPyTP/mzRfwg==",
                    "requires": {
                        "safe-buffer": "~5.1.0"
                    }
                }
            }
        },
        "ws": {
            "version": "7.2.3",
            "resolved": "https://registry.npmjs.org/ws/-/ws-7.2.3.tgz",
            "integrity": "sha512-HTDl9G9hbkNDk98naoR/cHDws7+EyYMOdL1BmjsZXRUjf7d+MficC4B7HLUPlSiho0vg+CWKrGIt/VJBd1xunQ=="
        },
        "xhr": {
            "version": "2.5.0",
            "resolved": "https://registry.npmjs.org/xhr/-/xhr-2.5.0.tgz",
            "integrity": "sha512-4nlO/14t3BNUZRXIXfXe+3N6w3s1KoxcJUUURctd64BLRe67E4gRwp4PjywtDY72fXpZ1y6Ch0VZQRY/gMPzzQ==",
            "requires": {
                "global": "~4.3.0",
                "is-function": "^1.0.1",
                "parse-headers": "^2.0.0",
                "xtend": "^4.0.0"
            }
        },
        "xml-parse-from-string": {
            "version": "1.0.1",
            "resolved": "https://registry.npmjs.org/xml-parse-from-string/-/xml-parse-from-string-1.0.1.tgz",
            "integrity": "sha1-qQKekp09vN7RafPG4oI42VpdWig="
        },
        "xml2js": {
            "version": "0.4.23",
            "resolved": "https://registry.npmjs.org/xml2js/-/xml2js-0.4.23.tgz",
            "integrity": "sha512-ySPiMjM0+pLDftHgXY4By0uswI3SPKLDw/i3UXbnO8M/p28zqexCUoPmQFrYD+/1BzhGJSs2i1ERWKJAtiLrug==",
            "requires": {
                "sax": ">=0.6.0",
                "xmlbuilder": "~11.0.0"
            }
        },
        "xmlbuilder": {
            "version": "11.0.1",
            "resolved": "https://registry.npmjs.org/xmlbuilder/-/xmlbuilder-11.0.1.tgz",
            "integrity": "sha512-fDlsI/kFEx7gLvbecc0/ohLG50fugQp8ryHzMTuW9vSa1GJ0XYWKnhsUx7oie3G98+r56aTQIUB4kht42R3JvA=="
        },
        "xtend": {
            "version": "4.0.2",
            "resolved": "https://registry.npmjs.org/xtend/-/xtend-4.0.2.tgz",
            "integrity": "sha512-LKYU1iAXJXUgAXn9URjiu+MWhyUXHsvfp7mcuYm9dSUKK0/CjtrUwFAxD82/mCWbtLsGjFIad0wIsod4zrTAEQ=="
        }
    }
}
